
Microsoft Visual Studio Solution File, Format Version 12.00
# Visual Studio 15
VisualStudioVersion = 15.0.28307.572
MinimumVisualStudioVersion = 10.0.40219.1
Project("{FAE04EC0-301F-11D3-BF4B-00C04F79EFBC}") = "employee_control_DataAccessLayer", "employee_control_DataAccessLayer\employee_control_DataAccessLayer.csproj", "{72F5C198-4CAC-4FBF-ACFE-8B9AFFA7139C}"
EndProject
Project("{FAE04EC0-301F-11D3-BF4B-00C04F79EFBC}") = "employee_control_BusinessLogicLayer", "employee_control_BusinessLogicLayer\employee_control_BusinessLogicLayer.csproj", "{BB3ED164-B28F-4F89-A584-5086A0216C45}"
EndProject
Project("{FAE04EC0-301F-11D3-BF4B-00C04F79EFBC}") = "employee_control_PresentationLayer", "employee_control_PresentationLayer\employee_control_PresentationLayer.csproj", "{257C7F90-2DD3-41B2-9EB4-26D156154D6F}"
EndProject
Global
	GlobalSection(SolutionConfigurationPlatforms) = preSolution
		Debug|Any CPU = Debug|Any CPU
		Release|Any CPU = Release|Any CPU
	EndGlobalSection
	GlobalSection(ProjectConfigurationPlatforms) = postSolution
		{72F5C198-4CAC-4FBF-ACFE-8B9AFFA7139C}.Debug|Any CPU.ActiveCfg = Debug|Any CPU
		{72F5C198-4CAC-4FBF-ACFE-8B9AFFA7139C}.Debug|Any CPU.Build.0 = Debug|Any CPU
		{72F5C198-4CAC-4FBF-ACFE-8B9AFFA7139C}.Release|Any CPU.ActiveCfg = Release|Any CPU
		{72F5C198-4CAC-4FBF-ACFE-8B9AFFA7139C}.Release|Any CPU.Build.0 = Release|Any CPU
		{BB3ED164-B28F-4F89-A584-5086A0216C45}.Debug|Any CPU.ActiveCfg = Debug|Any CPU
		{BB3ED164-B28F-4F89-A584-5086A0216C45}.Debug|Any CPU.Build.0 = Debug|Any CPU
		{BB3ED164-B28F-4F89-A584-5086A0216C45}.Release|Any CPU.ActiveCfg = Release|Any CPU
		{BB3ED164-B28F-4F89-A584-5086A0216C45}.Release|Any CPU.Build.0 = Release|Any CPU
		{257C7F90-2DD3-41B2-9EB4-26D156154D6F}.Debug|Any CPU.ActiveCfg = Debug|Any CPU
		{257C7F90-2DD3-41B2-9EB4-26D156154D6F}.Debug|Any CPU.Build.0 = Debug|Any CPU
		{257C7F90-2DD3-41B2-9EB4-26D156154D6F}.Release|Any CPU.ActiveCfg = Release|Any CPU
		{257C7F90-2DD3-41B2-9EB4-26D156154D6F}.Release|Any CPU.Build.0 = Release|Any CPU
	EndGlobalSection
	GlobalSection(SolutionProperties) = preSolution
		HideSolutionNode = FALSE
	EndGlobalSection
	GlobalSection(ExtensibilityGlobals) = postSolution
		SolutionGuid = {6D774EEB-A142-439D-9E32-DE31E64E8CB2}
	EndGlobalSection
EndGlobal
